
Microsoft Visual Studio Solution File, Format Version 12.00
# Visual Studio Version 16
VisualStudioVersion = 16.0.29806.167
MinimumVisualStudioVersion = 10.0.40219.1
Project("{8BC9CEB8-8B4A-11D0-8D11-00A0C91BC942}") = "Лаба3.3", "Лаба3.3.vcxproj", "{DAC30E64-07BD-4F1A-889A-A5F4219CC5E9}"
EndProject
Global
	GlobalSection(SolutionConfigurationPlatforms) = preSolution
		Debug|x64 = Debug|x64
		Debug|x86 = Debug|x86
		Release|x64 = Release|x64
		Release|x86 = Release|x86
	EndGlobalSection
	GlobalSection(ProjectConfigurationPlatforms) = postSolution
		{DAC30E64-07BD-4F1A-889A-A5F4219CC5E9}.Debug|x64.ActiveCfg = Debug|x64
		{DAC30E64-07BD-4F1A-889A-A5F4219CC5E9}.Debug|x64.Build.0 = Debug|x64
		{DAC30E64-07BD-4F1A-889A-A5F4219CC5E9}.Debug|x86.ActiveCfg = Debug|Win32
		{DAC30E64-07BD-4F1A-889A-A5F4219CC5E9}.Debug|x86.Build.0 = Debug|Win32
		{DAC30E64-07BD-4F1A-889A-A5F4219CC5E9}.Release|x64.ActiveCfg = Release|x64
		{DAC30E64-07BD-4F1A-889A-A5F4219CC5E9}.Release|x64.Build.0 = Release|x64
		{DAC30E64-07BD-4F1A-889A-A5F4219CC5E9}.Release|x86.ActiveCfg = Release|Win32
		{DAC30E64-07BD-4F1A-889A-A5F4219CC5E9}.Release|x86.Build.0 = Release|Win32
	EndGlobalSection
	GlobalSection(SolutionProperties) = preSolution
		HideSolutionNode = FALSE
	EndGlobalSection
	GlobalSection(ExtensibilityGlobals) = postSolution
		SolutionGuid = {747864D3-B10D-4E59-89E4-8033D34F2B10}
	EndGlobalSection
EndGlobal
